Microsoft Visual Studio Solution File, Format Version 12.00
# Visual Studio Version 17
VisualStudioVersion = 17.5.2.0
MinimumVisualStudioVersion = 10.0.40219.1
Project("{FAE04EC0-301F-11D3-BF4B-00C04F79EFBC}") = "121. Best Time to", "121. Best Time to.csproj", "{78A1CE71-7051-CF62-8F29-CAE025DC056C}"
EndProject
Global
	GlobalSection(SolutionConfigurationPlatforms) = preSolution
		Debug|Any CPU = Debug|Any CPU
		Release|Any CPU = Release|Any CPU
	EndGlobalSection
	GlobalSection(ProjectConfigurationPlatforms) = postSolution
		{78A1CE71-7051-CF62-8F29-CAE025DC056C}.Debug|Any CPU.ActiveCfg = Debug|Any CPU
		{78A1CE71-7051-CF62-8F29-CAE025DC056C}.Debug|Any CPU.Build.0 = Debug|Any CPU
		{78A1CE71-7051-CF62-8F29-CAE025DC056C}.Release|Any CPU.ActiveCfg = Release|Any CPU
		{78A1CE71-7051-CF62-8F29-CAE025DC056C}.Release|Any CPU.Build.0 = Release|Any CPU
	EndGlobalSection
	GlobalSection(SolutionProperties) = preSolution
		HideSolutionNode = FALSE
	EndGlobalSection
	GlobalSection(ExtensibilityGlobals) = postSolution
		SolutionGuid = {715F852D-B097-4E8F-8B27-BE5FA075E6E0}
	EndGlobalSection
EndGlobal
