Microsoft Visual Studio Solution File, Format Version 12.00
# Visual Studio Version 17
VisualStudioVersion = 17.5.2.0
MinimumVisualStudioVersion = 10.0.40219.1
Project("{FAE04EC0-301F-11D3-BF4B-00C04F79EFBC}") = "271. Encode and Decode Strings", "271. Encode and Decode Strings.csproj", "{248EE13E-F831-103F-D8C9-C428DD5795F1}"
EndProject
Global
	GlobalSection(SolutionConfigurationPlatforms) = preSolution
		Debug|Any CPU = Debug|Any CPU
		Release|Any CPU = Release|Any CPU
	EndGlobalSection
	GlobalSection(ProjectConfigurationPlatforms) = postSolution
		{248EE13E-F831-103F-D8C9-C428DD5795F1}.Debug|Any CPU.ActiveCfg = Debug|Any CPU
		{248EE13E-F831-103F-D8C9-C428DD5795F1}.Debug|Any CPU.Build.0 = Debug|Any CPU
		{248EE13E-F831-103F-D8C9-C428DD5795F1}.Release|Any CPU.ActiveCfg = Release|Any CPU
		{248EE13E-F831-103F-D8C9-C428DD5795F1}.Release|Any CPU.Build.0 = Release|Any CPU
	EndGlobalSection
	GlobalSection(SolutionProperties) = preSolution
		HideSolutionNode = FALSE
	EndGlobalSection
	GlobalSection(ExtensibilityGlobals) = postSolution
		SolutionGuid = {4A5ACFB2-6126-4246-BA5E-DE230A9F1BB1}
	EndGlobalSection
EndGlobal
